PODS:
  - DACircularProgress (2.3.1)
  - pop (1.0.9)
  - SDWebImage (4.0.0):
    - SDWebImage/Core (= 4.0.0)
  - SDWebImage/Core (4.0.0)

DEPENDENCIES:
  - DACircularProgress
  - pop
  - SDWebImage (= 4.0.0)

SPEC CHECKSUMS:
  DACircularProgress: 4dd437c0fc3da5161cb289e07ac449493d41db71
  pop: f667631a5108a2e60d9e8797c9b32ddaf2080bce
  SDWebImage: 76a6348bdc74eb5a55dd08a091ef298e56b55e41

PODFILE CHECKSUM: 57c7f9f2599f948d7784f2d5e856e78e518ef856

COCOAPODS: 1.1.1
